
Microsoft Visual Studio Solution File, Format Version 12.00
# Visual Studio Version 17
VisualStudioVersion = 17.1.32328.378
MinimumVisualStudioVersion = 10.0.40219.1
Project("{FAE04EC0-301F-11D3-BF4B-00C04F79EFBC}") = "Zadania_3sem", "Zadania_3sem\Zadania_3sem.csproj", "{1CE1212A-7724-4B5D-A691-5017B30FEEC5}"
EndProject
Global
	GlobalSection(SolutionConfigurationPlatforms) = preSolution
		Debug|Any CPU = Debug|Any CPU
		Release|Any CPU = Release|Any CPU
	EndGlobalSection
	GlobalSection(ProjectConfigurationPlatforms) = postSolution
		{1CE1212A-7724-4B5D-A691-5017B30FEEC5}.Debug|Any CPU.ActiveCfg = Debug|Any CPU
		{1CE1212A-7724-4B5D-A691-5017B30FEEC5}.Debug|Any CPU.Build.0 = Debug|Any CPU
		{1CE1212A-7724-4B5D-A691-5017B30FEEC5}.Release|Any CPU.ActiveCfg = Release|Any CPU
		{1CE1212A-7724-4B5D-A691-5017B30FEEC5}.Release|Any CPU.Build.0 = Release|Any CPU
	EndGlobalSection
	GlobalSection(SolutionProperties) = preSolution
		HideSolutionNode = FALSE
	EndGlobalSection
	GlobalSection(ExtensibilityGlobals) = postSolution
		SolutionGuid = {0999AA03-F082-4F81-9DE8-0F2B520D3ABA}
	EndGlobalSection
EndGlobal
